// !$*UTF8*$!
{
	archiveVersion = 1;
	classes = {
	};
	objectVersion = 55;
	objects = {

/* Begin PBXBuildFile section */
		314CA1923D5DC385F1F6B6CC /* Pods_RecipeSearchApp_RecipeSearchAppUITests.framework in Frameworks */ = {isa = PBXBuildFile; fileRef = 9BA7BE5719CDB1445786D18E /* Pods_RecipeSearchApp_RecipeSearchAppUITests.framework */; };
		81257ACC0CE2276EA8A0CF3F /* Pods_RecipeSearchApp.framework in Frameworks */ = {isa = PBXBuildFile; fileRef = B7E6A0956D1BE2FFF02E82C8 /* Pods_RecipeSearchApp.framework */; };
		D74705D92915916E00BF43F1 /* LoadMore.swift in Sources */ = {isa = PBXBuildFile; fileRef = D74705D82915916E00BF43F1 /* LoadMore.swift */; };
		D74705DB2915D2AF00BF43F1 /* UICollectionView+Register.swift in Sources */ = {isa = PBXBuildFile; fileRef = D74705DA2915D2AF00BF43F1 /* UICollectionView+Register.swift */; };
		D74705DD2915D30E00BF43F1 /* UITableView+Register.swift in Sources */ = {isa = PBXBuildFile; fileRef = D74705DC2915D30E00BF43F1 /* UITableView+Register.swift */; };
		D74705E02915E51E00BF43F1 /* BaseViewController.swift in Sources */ = {isa = PBXBuildFile; fileRef = D74705DF2915E51E00BF43F1 /* BaseViewController.swift */; };
		D74705E22915E6D300BF43F1 /* UIScrollView+SwiftPullToRefersh.swift in Sources */ = {isa = PBXBuildFile; fileRef = D74705E12915E6D300BF43F1 /* UIScrollView+SwiftPullToRefersh.swift */; };
		D7B774D32911FC930000DB67 /* AppDelegate.swift in Sources */ = {isa = PBXBuildFile; fileRef = D7B774D22911FC930000DB67 /* AppDelegate.swift */; };
		D7B774D52911FC930000DB67 /* SceneDelegate.swift in Sources */ = {isa = PBXBuildFile; fileRef = D7B774D42911FC930000DB67 /* SceneDelegate.swift */; };
		D7B774DC2911FC980000DB67 /* Assets.xcassets in Resources */ = {isa = PBXBuildFile; fileRef = D7B774DB2911FC980000DB67 /* Assets.xcassets */; };
		D7B774DF2911FC980000DB67 /* LaunchScreen.storyboard in Resources */ = {isa = PBXBuildFile; fileRef = D7B774DD2911FC980000DB67 /* LaunchScreen.storyboard */; };
		D7B774EA2911FC990000DB67 /* RecipeSearchAppTests.swift in Sources */ = {isa = PBXBuildFile; fileRef = D7B774E92911FC990000DB67 /* RecipeSearchAppTests.swift */; };
		D7B774F42911FC990000DB67 /* RecipeSearchAppUITests.swift in Sources */ = {isa = PBXBuildFile; fileRef = D7B774F32911FC990000DB67 /* RecipeSearchAppUITests.swift */; };
		D7B774F62911FC990000DB67 /* RecipeSearchAppUITestsLaunchTests.swift in Sources */ = {isa = PBXBuildFile; fileRef = D7B774F52911FC990000DB67 /* RecipeSearchAppUITestsLaunchTests.swift */; };
		D7B7751529120FE60000DB67 /* ProviderExtension.swift in Sources */ = {isa = PBXBuildFile; fileRef = D7B7751429120FE60000DB67 /* ProviderExtension.swift */; };
		D7B775182912138A0000DB67 /* NetworkResponse.swift in Sources */ = {isa = PBXBuildFile; fileRef = D7B775172912138A0000DB67 /* NetworkResponse.swift */; };
		D7B7751A291213DD0000DB67 /* NetworkError.swift in Sources */ = {isa = PBXBuildFile; fileRef = D7B77519291213DD0000DB67 /* NetworkError.swift */; };
		D7B7751C2912258D0000DB67 /* RecipeSearchAPI.swift in Sources */ = {isa = PBXBuildFile; fileRef = D7B7751B2912258D0000DB67 /* RecipeSearchAPI.swift */; };
		D7B7751E291226720000DB67 /* Configuration.swift in Sources */ = {isa = PBXBuildFile; fileRef = D7B7751D291226720000DB67 /* Configuration.swift */; };
		D7B7752929133E680000DB67 /* RecipeSearchProtocols.swift in Sources */ = {isa = PBXBuildFile; fileRef = D7B7752829133E680000DB67 /* RecipeSearchProtocols.swift */; };
		D7C1A06F2914AEA600626E81 /* RecipeSearchResponse.swift in Sources */ = {isa = PBXBuildFile; fileRef = D7C1A03C2914AEA300626E81 /* RecipeSearchResponse.swift */; };
		D7C1A0742914AEA600626E81 /* Links.swift in Sources */ = {isa = PBXBuildFile; fileRef = D7C1A0412914AEA300626E81 /* Links.swift */; };
		D7C1A0752914AEA600626E81 /* TotalNutrients.swift in Sources */ = {isa = PBXBuildFile; fileRef = D7C1A0422914AEA300626E81 /* TotalNutrients.swift */; };
		D7C1A0782914AEA600626E81 /* ImageDetails.swift in Sources */ = {isa = PBXBuildFile; fileRef = D7C1A0452914AEA300626E81 /* ImageDetails.swift */; };
		D7C1A07D2914AEA600626E81 /* Images.swift in Sources */ = {isa = PBXBuildFile; fileRef = D7C1A04A2914AEA400626E81 /* Images.swift */; };
		D7C1A0812914AEA600626E81 /* Ingredients.swift in Sources */ = {isa = PBXBuildFile; fileRef = D7C1A04E2914AEA400626E81 /* Ingredients.swift */; };
		D7C1A0882914AEA600626E81 /* Hits.swift in Sources */ = {isa = PBXBuildFile; fileRef = D7C1A0552914AEA500626E81 /* Hits.swift */; };
		D7C1A08A2914AEA600626E81 /* Next.swift in Sources */ = {isa = PBXBuildFile; fileRef = D7C1A0572914AEA500626E81 /* Next.swift */; };
		D7C1A08B2914AEA600626E81 /* Recipe.swift in Sources */ = {isa = PBXBuildFile; fileRef = D7C1A0582914AEA500626E81 /* Recipe.swift */; };
		D7C1A08D2914AEA600626E81 /* Digest.swift in Sources */ = {isa = PBXBuildFile; fileRef = D7C1A05A2914AEA500626E81 /* Digest.swift */; };
		D7C1A0922914AEA600626E81 /* NutrientDetails.swift in Sources */ = {isa = PBXBuildFile; fileRef = D7C1A05F2914AEA500626E81 /* NutrientDetails.swift */; };
		D7C1A0A32914C76700626E81 /* RecipeSearchViewController.swift in Sources */ = {isa = PBXBuildFile; fileRef = D7C1A0A22914C76700626E81 /* RecipeSearchViewController.swift */; };
		D7C1A0A52914CA3D00626E81 /* RecipeSearchPresenter.swift in Sources */ = {isa = PBXBuildFile; fileRef = D7C1A0A42914CA3D00626E81 /* RecipeSearchPresenter.swift */; };
		D7C1A0A72914CAE200626E81 /* RecipeSearchInteractor.swift in Sources */ = {isa = PBXBuildFile; fileRef = D7C1A0A62914CAE200626E81 /* RecipeSearchInteractor.swift */; };
		D7C1A0A92914DA0400626E81 /* RecipeSearchRouter.swift in Sources */ = {isa = PBXBuildFile; fileRef = D7C1A0A82914DA0400626E81 /* RecipeSearchRouter.swift */; };
		D7C1A0AB2914E1DE00626E81 /* RecipeSearchViewController.xib in Resources */ = {isa = PBXBuildFile; fileRef = D7C1A0AA2914E1DE00626E81 /* RecipeSearchViewController.xib */; };
		D7C1A0AD2914E72900626E81 /* UIViewExtension.swift in Sources */ = {isa = PBXBuildFile; fileRef = D7C1A0AC2914E72900626E81 /* UIViewExtension.swift */; };
		D7C1A0B02914E80500626E81 /* UITableViewExtension.swift in Sources */ = {isa = PBXBuildFile; fileRef = D7C1A0AF2914E80500626E81 /* UITableViewExtension.swift */; };
		D7C1A0B32914E98000626E81 /* RecipeTableViewCell.swift in Sources */ = {isa = PBXBuildFile; fileRef = D7C1A0B12914E98000626E81 /* RecipeTableViewCell.swift */; };
		D7C1A0B42914E98000626E81 /* RecipeTableViewCell.xib in Resources */ = {isa = PBXBuildFile; fileRef = D7C1A0B22914E98000626E81 /* RecipeTableViewCell.xib */; };
		D7C1A0B62914EEB000626E81 /* UIImageViewExtension.swift in Sources */ = {isa = PBXBuildFile; fileRef = D7C1A0B52914EEB000626E81 /* UIImageViewExtension.swift */; };
		D7C1A0B82914EF7300626E81 /* StringExtension.swift in Sources */ = {isa = PBXBuildFile; fileRef = D7C1A0B72914EF7300626E81 /* StringExtension.swift */; };
		D7C1A0BD2914F12200626E81 /* HealthLabelCollectionViewCell.swift in Sources */ = {isa = PBXBuildFile; fileRef = D7C1A0BB2914F12200626E81 /* HealthLabelCollectionViewCell.swift */; };
		D7C1A0BE2914F12200626E81 /* HealthLabelCollectionViewCell.xib in Resources */ = {isa = PBXBuildFile; fileRef = D7C1A0BC2914F12200626E81 /* HealthLabelCollectionViewCell.xib */; };
		D7C1A0C02914F1FE00626E81 /* UICcollectionViewExtension.swift in Sources */ = {isa = PBXBuildFile; fileRef = D7C1A0BF2914F1FE00626E81 /* UICcollectionViewExtension.swift */; };
		D7C3EFAB29161FED000027C7 /* RecipeEmptyView.swift in Sources */ = {isa = PBXBuildFile; fileRef = D7C3EFA929161FED000027C7 /* RecipeEmptyView.swift */; };
		D7C3EFAC29161FED000027C7 /* RecipeEmptyView.xib in Resources */ = {isa = PBXBuildFile; fileRef = D7C3EFAA29161FED000027C7 /* RecipeEmptyView.xib */; };
		D9C524C2C5EF2C4D82F0B7E3 /* Pods_RecipeSearchAppTests.framework in Frameworks */ = {isa = PBXBuildFile; fileRef = 135717CBB3C08239DF425D64 /* Pods_RecipeSearchAppTests.framework */; };
/* End PBXBuildFile section */

/* Begin PBXContainerItemProxy section */
		D7B774E62911FC990000DB67 /* PBXContainerItemProxy */ = {
			isa = PBXContainerItemProxy;
			containerPortal = D7B774C72911FC930000DB67 /* Project object */;
			proxyType = 1;
			remoteGlobalIDString = D7B774CE2911FC930000DB67;
			remoteInfo = RecipeSearchApp;
		};
		D7B774F02911FC990000DB67 /* PBXContainerItemProxy */ = {
			isa = PBXContainerItemProxy;
			containerPortal = D7B774C72911FC930000DB67 /* Project object */;
			proxyType = 1;
			remoteGlobalIDString = D7B774CE2911FC930000DB67;
			remoteInfo = RecipeSearchApp;
		};
/* End PBXContainerItemProxy section */

/* Begin PBXFileReference section */
		135717CBB3C08239DF425D64 /* Pods_RecipeSearchAppTests.framework */ = {isa = PBXFileReference; explicitFileType = wrapper.framework; includeInIndex = 0; path = Pods_RecipeSearchAppTests.framework; sourceTree = BUILT_PRODUCTS_DIR; };
		3A370EFB2D3F9CC9F4E11FB8 /* Pods-RecipeSearchApp-RecipeSearchAppUITests.release.xcconfig */ = {isa = PBXFileReference; includeInIndex = 1; lastKnownFileType = text.xcconfig; name = "Pods-RecipeSearchApp-RecipeSearchAppUITests.release.xcconfig"; path = "Target Support Files/Pods-RecipeSearchApp-RecipeSearchAppUITests/Pods-RecipeSearchApp-RecipeSearchAppUITests.release.xcconfig"; sourceTree = "<group>"; };
		53E35402659627431FC72BDE /* Pods-RecipeSearchApp-RecipeSearchAppUITests.debug.xcconfig */ = {isa = PBXFileReference; includeInIndex = 1; lastKnownFileType = text.xcconfig; name = "Pods-RecipeSearchApp-RecipeSearchAppUITests.debug.xcconfig"; path = "Target Support Files/Pods-RecipeSearchApp-RecipeSearchAppUITests/Pods-RecipeSearchApp-RecipeSearchAppUITests.debug.xcconfig"; sourceTree = "<group>"; };
		7F1F1F1E802041AE3A0AD6FD /* Pods-RecipeSearchApp.debug.xcconfig */ = {isa = PBXFileReference; includeInIndex = 1; lastKnownFileType = text.xcconfig; name = "Pods-RecipeSearchApp.debug.xcconfig"; path = "Target Support Files/Pods-RecipeSearchApp/Pods-RecipeSearchApp.debug.xcconfig"; sourceTree = "<group>"; };
		9BA7BE5719CDB1445786D18E /* Pods_RecipeSearchApp_RecipeSearchAppUITests.framework */ = {isa = PBXFileReference; explicitFileType = wrapper.framework; includeInIndex = 0; path = Pods_RecipeSearchApp_RecipeSearchAppUITests.framework; sourceTree = BUILT_PRODUCTS_DIR; };
		B0E9789C5DBF0B3F9091C12C /* Pods-RecipeSearchAppTests.release.xcconfig */ = {isa = PBXFileReference; includeInIndex = 1; lastKnownFileType = text.xcconfig; name = "Pods-RecipeSearchAppTests.release.xcconfig"; path = "Target Support Files/Pods-RecipeSearchAppTests/Pods-RecipeSearchAppTests.release.xcconfig"; sourceTree = "<group>"; };
		B7E6A0956D1BE2FFF02E82C8 /* Pods_RecipeSearchApp.framework */ = {isa = PBXFileReference; explicitFileType = wrapper.framework; includeInIndex = 0; path = Pods_RecipeSearchApp.framework; sourceTree = BUILT_PRODUCTS_DIR; };
		BC2E576F09AC5028BD865065 /* Pods-RecipeSearchAppTests.debug.xcconfig */ = {isa = PBXFileReference; includeInIndex = 1; lastKnownFileType = text.xcconfig; name = "Pods-RecipeSearchAppTests.debug.xcconfig"; path = "Target Support Files/Pods-RecipeSearchAppTests/Pods-RecipeSearchAppTests.debug.xcconfig"; sourceTree = "<group>"; };
		C02BE669A35E11C7642800D1 /* Pods-RecipeSearchApp.release.xcconfig */ = {isa = PBXFileReference; includeInIndex = 1; lastKnownFileType = text.xcconfig; name = "Pods-RecipeSearchApp.release.xcconfig"; path = "Target Support Files/Pods-RecipeSearchApp/Pods-RecipeSearchApp.release.xcconfig"; sourceTree = "<group>"; };
		D74705D82915916E00BF43F1 /* LoadMore.swift */ = {isa = PBXFileReference; fileEncoding = 4; lastKnownFileType = sourcecode.swift; path = LoadMore.swift; sourceTree = "<group>"; };
		D74705DA2915D2AF00BF43F1 /* UICollectionView+Register.swift */ = {isa = PBXFileReference; lastKnownFileType = sourcecode.swift; path = "UICollectionView+Register.swift"; sourceTree = "<group>"; };
		D74705DC2915D30E00BF43F1 /* UITableView+Register.swift */ = {isa = PBXFileReference; lastKnownFileType = sourcecode.swift; path = "UITableView+Register.swift"; sourceTree = "<group>"; };
		D74705DF2915E51E00BF43F1 /* BaseViewController.swift */ = {isa = PBXFileReference; lastKnownFileType = sourcecode.swift; path = BaseViewController.swift; sourceTree = "<group>"; };
		D74705E12915E6D300BF43F1 /* UIScrollView+SwiftPullToRefersh.swift */ = {isa = PBXFileReference; lastKnownFileType = sourcecode.swift; path = "UIScrollView+SwiftPullToRefersh.swift"; sourceTree = "<group>"; };
		D7B774CF2911FC930000DB67 /* RecipeSearchApp.app */ = {isa = PBXFileReference; explicitFileType = wrapper.application; includeInIndex = 0; path = RecipeSearchApp.app; sourceTree = BUILT_PRODUCTS_DIR; };
		D7B774D22911FC930000DB67 /* AppDelegate.swift */ = {isa = PBXFileReference; lastKnownFileType = sourcecode.swift; path = AppDelegate.swift; sourceTree = "<group>"; };
		D7B774D42911FC930000DB67 /* SceneDelegate.swift */ = {isa = PBXFileReference; lastKnownFileType = sourcecode.swift; path = SceneDelegate.swift; sourceTree = "<group>"; };
		D7B774DB2911FC980000DB67 /* Assets.xcassets */ = {isa = PBXFileReference; lastKnownFileType = folder.assetcatalog; path = Assets.xcassets; sourceTree = "<group>"; };
		D7B774DE2911FC980000DB67 /* Base */ = {isa = PBXFileReference; lastKnownFileType = file.storyboard; name = Base; path = Base.lproj/LaunchScreen.storyboard; sourceTree = "<group>"; };
		D7B774E02911FC980000DB67 /* Info.plist */ = {isa = PBXFileReference; lastKnownFileType = text.plist.xml; path = Info.plist; sourceTree = "<group>"; };
		D7B774E52911FC990000DB67 /* RecipeSearchAppTests.xctest */ = {isa = PBXFileReference; explicitFileType = wrapper.cfbundle; includeInIndex = 0; path = RecipeSearchAppTests.xctest; sourceTree = BUILT_PRODUCTS_DIR; };
		D7B774E92911FC990000DB67 /* RecipeSearchAppTests.swift */ = {isa = PBXFileReference; lastKnownFileType = sourcecode.swift; path = RecipeSearchAppTests.swift; sourceTree = "<group>"; };
		D7B774EF2911FC990000DB67 /* RecipeSearchAppUITests.xctest */ = {isa = PBXFileReference; explicitFileType = wrapper.cfbundle; includeInIndex = 0; path = RecipeSearchAppUITests.xctest; sourceTree = BUILT_PRODUCTS_DIR; };
		D7B774F32911FC990000DB67 /* RecipeSearchAppUITests.swift */ = {isa = PBXFileReference; lastKnownFileType = sourcecode.swift; path = RecipeSearchAppUITests.swift; sourceTree = "<group>"; };
		D7B774F52911FC990000DB67 /* RecipeSearchAppUITestsLaunchTests.swift */ = {isa = PBXFileReference; lastKnownFileType = sourcecode.swift; path = RecipeSearchAppUITestsLaunchTests.swift; sourceTree = "<group>"; };
		D7B7751429120FE60000DB67 /* ProviderExtension.swift */ = {isa = PBXFileReference; lastKnownFileType = sourcecode.swift; path = ProviderExtension.swift; sourceTree = "<group>"; };
		D7B775172912138A0000DB67 /* NetworkResponse.swift */ = {isa = PBXFileReference; lastKnownFileType = sourcecode.swift; path = NetworkResponse.swift; sourceTree = "<group>"; };
		D7B77519291213DD0000DB67 /* NetworkError.swift */ = {isa = PBXFileReference; lastKnownFileType = sourcecode.swift; path = NetworkError.swift; sourceTree = "<group>"; };
		D7B7751B2912258D0000DB67 /* RecipeSearchAPI.swift */ = {isa = PBXFileReference; lastKnownFileType = sourcecode.swift; path = RecipeSearchAPI.swift; sourceTree = "<group>"; };
		D7B7751D291226720000DB67 /* Configuration.swift */ = {isa = PBXFileReference; lastKnownFileType = sourcecode.swift; path = Configuration.swift; sourceTree = "<group>"; };
		D7B7752829133E680000DB67 /* RecipeSearchProtocols.swift */ = {isa = PBXFileReference; lastKnownFileType = sourcecode.swift; path = RecipeSearchProtocols.swift; sourceTree = "<group>"; };
		D7C1A03C2914AEA300626E81 /* RecipeSearchResponse.swift */ = {isa = PBXFileReference; fileEncoding = 4; lastKnownFileType = sourcecode.swift; path = RecipeSearchResponse.swift; sourceTree = "<group>"; };
		D7C1A0412914AEA300626E81 /* Links.swift */ = {isa = PBXFileReference; fileEncoding = 4; lastKnownFileType = sourcecode.swift; path = Links.swift; sourceTree = "<group>"; };
		D7C1A0422914AEA300626E81 /* TotalNutrients.swift */ = {isa = PBXFileReference; fileEncoding = 4; lastKnownFileType = sourcecode.swift; path = TotalNutrients.swift; sourceTree = "<group>"; };
		D7C1A0452914AEA300626E81 /* ImageDetails.swift */ = {isa = PBXFileReference; fileEncoding = 4; lastKnownFileType = sourcecode.swift; path = ImageDetails.swift; sourceTree = "<group>"; };
		D7C1A04A2914AEA400626E81 /* Images.swift */ = {isa = PBXFileReference; fileEncoding = 4; lastKnownFileType = sourcecode.swift; path = Images.swift; sourceTree = "<group>"; };
		D7C1A04E2914AEA400626E81 /* Ingredients.swift */ = {isa = PBXFileReference; fileEncoding = 4; lastKnownFileType = sourcecode.swift; path = Ingredients.swift; sourceTree = "<group>"; };
		D7C1A0552914AEA500626E81 /* Hits.swift */ = {isa = PBXFileReference; fileEncoding = 4; lastKnownFileType = sourcecode.swift; path = Hits.swift; sourceTree = "<group>"; };
		D7C1A0572914AEA500626E81 /* Next.swift */ = {isa = PBXFileReference; fileEncoding = 4; lastKnownFileType = sourcecode.swift; path = Next.swift; sourceTree = "<group>"; };
		D7C1A0582914AEA500626E81 /* Recipe.swift */ = {isa = PBXFileReference; fileEncoding = 4; lastKnownFileType = sourcecode.swift; path = Recipe.swift; sourceTree = "<group>"; };
		D7C1A05A2914AEA500626E81 /* Digest.swift */ = {isa = PBXFileReference; fileEncoding = 4; lastKnownFileType = sourcecode.swift; path = Digest.swift; sourceTree = "<group>"; };
		D7C1A05F2914AEA500626E81 /* NutrientDetails.swift */ = {isa = PBXFileReference; fileEncoding = 4; lastKnownFileType = sourcecode.swift; path = NutrientDetails.swift; sourceTree = "<group>"; };
		D7C1A0A22914C76700626E81 /* RecipeSearchViewController.swift */ = {isa = PBXFileReference; lastKnownFileType = sourcecode.swift; path = RecipeSearchViewController.swift; sourceTree = "<group>"; };
		D7C1A0A42914CA3D00626E81 /* RecipeSearchPresenter.swift */ = {isa = PBXFileReference; lastKnownFileType = sourcecode.swift; path = RecipeSearchPresenter.swift; sourceTree = "<group>"; };
		D7C1A0A62914CAE200626E81 /* RecipeSearchInteractor.swift */ = {isa = PBXFileReference; lastKnownFileType = sourcecode.swift; path = RecipeSearchInteractor.swift; sourceTree = "<group>"; };
		D7C1A0A82914DA0400626E81 /* RecipeSearchRouter.swift */ = {isa = PBXFileReference; lastKnownFileType = sourcecode.swift; path = RecipeSearchRouter.swift; sourceTree = "<group>"; };
		D7C1A0AA2914E1DE00626E81 /* RecipeSearchViewController.xib */ = {isa = PBXFileReference; lastKnownFileType = file.xib; path = RecipeSearchViewController.xib; sourceTree = "<group>"; };
		D7C1A0AC2914E72900626E81 /* UIViewExtension.swift */ = {isa = PBXFileReference; lastKnownFileType = sourcecode.swift; path = UIViewExtension.swift; sourceTree = "<group>"; };
		D7C1A0AF2914E80500626E81 /* UITableViewExtension.swift */ = {isa = PBXFileReference; lastKnownFileType = sourcecode.swift; path = UITableViewExtension.swift; sourceTree = "<group>"; };
		D7C1A0B12914E98000626E81 /* RecipeTableViewCell.swift */ = {isa = PBXFileReference; lastKnownFileType = sourcecode.swift; path = RecipeTableViewCell.swift; sourceTree = "<group>"; };
		D7C1A0B22914E98000626E81 /* RecipeTableViewCell.xib */ = {isa = PBXFileReference; lastKnownFileType = file.xib; path = RecipeTableViewCell.xib; sourceTree = "<group>"; };
		D7C1A0B52914EEB000626E81 /* UIImageViewExtension.swift */ = {isa = PBXFileReference; lastKnownFileType = sourcecode.swift; path = UIImageViewExtension.swift; sourceTree = "<group>"; };
		D7C1A0B72914EF7300626E81 /* StringExtension.swift */ = {isa = PBXFileReference; lastKnownFileType = sourcecode.swift; path = StringExtension.swift; sourceTree = "<group>"; };
		D7C1A0BB2914F12200626E81 /* HealthLabelCollectionViewCell.swift */ = {isa = PBXFileReference; lastKnownFileType = sourcecode.swift; path = HealthLabelCollectionViewCell.swift; sourceTree = "<group>"; };
		D7C1A0BC2914F12200626E81 /* HealthLabelCollectionViewCell.xib */ = {isa = PBXFileReference; lastKnownFileType = file.xib; path = HealthLabelCollectionViewCell.xib; sourceTree = "<group>"; };
		D7C1A0BF2914F1FE00626E81 /* UICcollectionViewExtension.swift */ = {isa = PBXFileReference; lastKnownFileType = sourcecode.swift; path = UICcollectionViewExtension.swift; sourceTree = "<group>"; };
		D7C3EFA929161FED000027C7 /* RecipeEmptyView.swift */ = {isa = PBXFileReference; fileEncoding = 4; lastKnownFileType = sourcecode.swift; path = RecipeEmptyView.swift; sourceTree = "<group>"; };
		D7C3EFAA29161FED000027C7 /* RecipeEmptyView.xib */ = {isa = PBXFileReference; fileEncoding = 4; lastKnownFileType = file.xib; path = RecipeEmptyView.xib; sourceTree = "<group>"; };
/* End PBXFileReference section */

/* Begin PBXFrameworksBuildPhase section */
		D7B774CC2911FC930000DB67 /* Frameworks */ = {
			isa = PBXFrameworksBuildPhase;
			buildActionMask = 2147483647;
			files = (
				81257ACC0CE2276EA8A0CF3F /* Pods_RecipeSearchApp.framework in Frameworks */,
			);
			runOnlyForDeploymentPostprocessing = 0;
		};
		D7B774E22911FC990000DB67 /* Frameworks */ = {
			isa = PBXFrameworksBuildPhase;
			buildActionMask = 2147483647;
			files = (
				D9C524C2C5EF2C4D82F0B7E3 /* Pods_RecipeSearchAppTests.framework in Frameworks */,
			);
			runOnlyForDeploymentPostprocessing = 0;
		};
		D7B774EC2911FC990000DB67 /* Frameworks */ = {
			isa = PBXFrameworksBuildPhase;
			buildActionMask = 2147483647;
			files = (
				314CA1923D5DC385F1F6B6CC /* Pods_RecipeSearchApp_RecipeSearchAppUITests.framework in Frameworks */,
			);
			runOnlyForDeploymentPostprocessing = 0;
		};
/* End PBXFrameworksBuildPhase section */

/* Begin PBXGroup section */
		2C476FEDC3C40F70C6B1FF6C /* Frameworks */ = {
			isa = PBXGroup;
			children = (
				B7E6A0956D1BE2FFF02E82C8 /* Pods_RecipeSearchApp.framework */,
				9BA7BE5719CDB1445786D18E /* Pods_RecipeSearchApp_RecipeSearchAppUITests.framework */,
				135717CBB3C08239DF425D64 /* Pods_RecipeSearchAppTests.framework */,
			);
			name = Frameworks;
			sourceTree = "<group>";
		};
		8D5E9EC1BA96C62368550D18 /* Pods */ = {
			isa = PBXGroup;
			children = (
				7F1F1F1E802041AE3A0AD6FD /* Pods-RecipeSearchApp.debug.xcconfig */,
				C02BE669A35E11C7642800D1 /* Pods-RecipeSearchApp.release.xcconfig */,
				53E35402659627431FC72BDE /* Pods-RecipeSearchApp-RecipeSearchAppUITests.debug.xcconfig */,
				3A370EFB2D3F9CC9F4E11FB8 /* Pods-RecipeSearchApp-RecipeSearchAppUITests.release.xcconfig */,
				BC2E576F09AC5028BD865065 /* Pods-RecipeSearchAppTests.debug.xcconfig */,
				B0E9789C5DBF0B3F9091C12C /* Pods-RecipeSearchAppTests.release.xcconfig */,
			);
			path = Pods;
			sourceTree = "<group>";
		};
		D74705D72915915800BF43F1 /* Utilities */ = {
			isa = PBXGroup;
			children = (
				D7C3EFA829161FD4000027C7 /* EmptyView */,
				D74705D82915916E00BF43F1 /* LoadMore.swift */,
			);
			path = Utilities;
			sourceTree = "<group>";
		};
		D74705DE2915E50400BF43F1 /* Base */ = {
			isa = PBXGroup;
			children = (
				D74705DF2915E51E00BF43F1 /* BaseViewController.swift */,
			);
			path = Base;
			sourceTree = "<group>";
		};
		D7B774C62911FC930000DB67 = {
			isa = PBXGroup;
			children = (
				D7B774D12911FC930000DB67 /* RecipeSearchApp */,
				D7B774E82911FC990000DB67 /* RecipeSearchAppTests */,
				D7B774F22911FC990000DB67 /* RecipeSearchAppUITests */,
				D7B774D02911FC930000DB67 /* Products */,
				8D5E9EC1BA96C62368550D18 /* Pods */,
				2C476FEDC3C40F70C6B1FF6C /* Frameworks */,
			);
			sourceTree = "<group>";
		};
		D7B774D02911FC930000DB67 /* Products */ = {
			isa = PBXGroup;
			children = (
				D7B774CF2911FC930000DB67 /* RecipeSearchApp.app */,
				D7B774E52911FC990000DB67 /* RecipeSearchAppTests.xctest */,
				D7B774EF2911FC990000DB67 /* RecipeSearchAppUITests.xctest */,
			);
			name = Products;
			sourceTree = "<group>";
		};
		D7B774D12911FC930000DB67 /* RecipeSearchApp */ = {
			isa = PBXGroup;
			children = (
				D7B775022912065D0000DB67 /* AppDelegate */,
				D7B77503291206980000DB67 /* Support */,
				D74705D72915915800BF43F1 /* Utilities */,
				D7B77507291207890000DB67 /* Network */,
				D7B7752629133A720000DB67 /* Entity */,
				D7B7751F291336870000DB67 /* AppModules */,
				D7B774DD2911FC980000DB67 /* LaunchScreen.storyboard */,
				D7B774E02911FC980000DB67 /* Info.plist */,
			);
			path = RecipeSearchApp;
			sourceTree = "<group>";
		};
		D7B774E82911FC990000DB67 /* RecipeSearchAppTests */ = {
			isa = PBXGroup;
			children = (
				D7B774E92911FC990000DB67 /* RecipeSearchAppTests.swift */,
			);
			path = RecipeSearchAppTests;
			sourceTree = "<group>";
		};
		D7B774F22911FC990000DB67 /* RecipeSearchAppUITests */ = {
			isa = PBXGroup;
			children = (
				D7B774F32911FC990000DB67 /* RecipeSearchAppUITests.swift */,
				D7B774F52911FC990000DB67 /* RecipeSearchAppUITestsLaunchTests.swift */,
			);
			path = RecipeSearchAppUITests;
			sourceTree = "<group>";
		};
		D7B775022912065D0000DB67 /* AppDelegate */ = {
			isa = PBXGroup;
			children = (
				D7B774D22911FC930000DB67 /* AppDelegate.swift */,
				D7B774D42911FC930000DB67 /* SceneDelegate.swift */,
			);
			path = AppDelegate;
			sourceTree = "<group>";
		};
		D7B77503291206980000DB67 /* Support */ = {
			isa = PBXGroup;
			children = (
				D7B775062912072E0000DB67 /* Configuration */,
				D7B77505291206B60000DB67 /* Resources */,
				D7B77504291206A50000DB67 /* Extensions */,
			);
			path = Support;
			sourceTree = "<group>";
		};
		D7B77504291206A50000DB67 /* Extensions */ = {
			isa = PBXGroup;
			children = (
				D7C1A0BA2914EFA200626E81 /* Foundation */,
				D7C1A0B92914EF9400626E81 /* UIKit */,
			);
			path = Extensions;
			sourceTree = "<group>";
		};
		D7B77505291206B60000DB67 /* Resources */ = {
			isa = PBXGroup;
			children = (
				D7B774DB2911FC980000DB67 /* Assets.xcassets */,
			);
			path = Resources;
			sourceTree = "<group>";
		};
		D7B775062912072E0000DB67 /* Configuration */ = {
			isa = PBXGroup;
			children = (
				D7B7751D291226720000DB67 /* Configuration.swift */,
			);
			path = Configuration;
			sourceTree = "<group>";
		};
		D7B77507291207890000DB67 /* Network */ = {
			isa = PBXGroup;
			children = (
				D7B77516291213680000DB67 /* NetworkModels */,
				D7B7750A291207B00000DB67 /* NetworkExtension */,
				D7B77508291207910000DB67 /* APIs */,
			);
			path = Network;
			sourceTree = "<group>";
		};
		D7B77508291207910000DB67 /* APIs */ = {
			isa = PBXGroup;
			children = (
				D7B7751B2912258D0000DB67 /* RecipeSearchAPI.swift */,
			);
			path = APIs;
			sourceTree = "<group>";
		};
		D7B7750A291207B00000DB67 /* NetworkExtension */ = {
			isa = PBXGroup;
			children = (
				D7B7751429120FE60000DB67 /* ProviderExtension.swift */,
			);
			path = NetworkExtension;
			sourceTree = "<group>";
		};
		D7B77516291213680000DB67 /* NetworkModels */ = {
			isa = PBXGroup;
			children = (
				D7B775172912138A0000DB67 /* NetworkResponse.swift */,
				D7B77519291213DD0000DB67 /* NetworkError.swift */,
			);
			path = NetworkModels;
			sourceTree = "<group>";
		};
		D7B7751F291336870000DB67 /* AppModules */ = {
			isa = PBXGroup;
			children = (
				D74705DE2915E50400BF43F1 /* Base */,
				D7B77521291337470000DB67 /* RecipeSearchModule */,
				D7B775202913373A0000DB67 /* RecipeDetailsModule */,
			);
			path = AppModules;
			sourceTree = "<group>";
		};
		D7B775202913373A0000DB67 /* RecipeDetailsModule */ = {
			isa = PBXGroup;
			children = (
			);
			path = RecipeDetailsModule;
			sourceTree = "<group>";
		};
		D7B77521291337470000DB67 /* RecipeSearchModule */ = {
			isa = PBXGroup;
			children = (
				D7B7752729133A7A0000DB67 /* Router */,
				D7B7752529133A670000DB67 /* Presenter */,
				D7B7752429133A5D0000DB67 /* Interactor */,
				D7B7752329133A520000DB67 /* View */,
				D7B7752229133A4A0000DB67 /* Protocols */,
			);
			path = RecipeSearchModule;
			sourceTree = "<group>";
		};
		D7B7752229133A4A0000DB67 /* Protocols */ = {
			isa = PBXGroup;
			children = (
				D7B7752829133E680000DB67 /* RecipeSearchProtocols.swift */,
			);
			path = Protocols;
			sourceTree = "<group>";
		};
		D7B7752329133A520000DB67 /* View */ = {
			isa = PBXGroup;
			children = (
				D7C1A0AE2914E76000626E81 /* Cells */,
				D7C1A0A22914C76700626E81 /* RecipeSearchViewController.swift */,
				D7C1A0AA2914E1DE00626E81 /* RecipeSearchViewController.xib */,
			);
			path = View;
			sourceTree = "<group>";
		};
		D7B7752429133A5D0000DB67 /* Interactor */ = {
			isa = PBXGroup;
			children = (
				D7C1A0A62914CAE200626E81 /* RecipeSearchInteractor.swift */,
			);
			path = Interactor;
			sourceTree = "<group>";
		};
		D7B7752529133A670000DB67 /* Presenter */ = {
			isa = PBXGroup;
			children = (
				D7C1A0A42914CA3D00626E81 /* RecipeSearchPresenter.swift */,
			);
			path = Presenter;
			sourceTree = "<group>";
		};
		D7B7752629133A720000DB67 /* Entity */ = {
			isa = PBXGroup;
			children = (
				D7C1A03C2914AEA300626E81 /* RecipeSearchResponse.swift */,
				D7C1A0412914AEA300626E81 /* Links.swift */,
				D7C1A0572914AEA500626E81 /* Next.swift */,
				D7C1A0552914AEA500626E81 /* Hits.swift */,
				D7C1A0582914AEA500626E81 /* Recipe.swift */,
				D7C1A04A2914AEA400626E81 /* Images.swift */,
				D7C1A0452914AEA300626E81 /* ImageDetails.swift */,
				D7C1A04E2914AEA400626E81 /* Ingredients.swift */,
				D7C1A05F2914AEA500626E81 /* NutrientDetails.swift */,
				D7C1A0422914AEA300626E81 /* TotalNutrients.swift */,
				D7C1A05A2914AEA500626E81 /* Digest.swift */,
			);
			path = Entity;
			sourceTree = "<group>";
		};
		D7B7752729133A7A0000DB67 /* Router */ = {
			isa = PBXGroup;
			children = (
				D7C1A0A82914DA0400626E81 /* RecipeSearchRouter.swift */,
			);
			path = Router;
			sourceTree = "<group>";
		};
		D7C1A0AE2914E76000626E81 /* Cells */ = {
			isa = PBXGroup;
			children = (
				D7C1A0B12914E98000626E81 /* RecipeTableViewCell.swift */,
				D7C1A0B22914E98000626E81 /* RecipeTableViewCell.xib */,
				D7C1A0BB2914F12200626E81 /* HealthLabelCollectionViewCell.swift */,
				D7C1A0BC2914F12200626E81 /* HealthLabelCollectionViewCell.xib */,
			);
			path = Cells;
			sourceTree = "<group>";
		};
		D7C1A0B92914EF9400626E81 /* UIKit */ = {
			isa = PBXGroup;
			children = (
				D7C1A0AC2914E72900626E81 /* UIViewExtension.swift */,
				D7C1A0AF2914E80500626E81 /* UITableViewExtension.swift */,
				D7C1A0B52914EEB000626E81 /* UIImageViewExtension.swift */,
				D7C1A0BF2914F1FE00626E81 /* UICcollectionViewExtension.swift */,
				D74705DA2915D2AF00BF43F1 /* UICollectionView+Register.swift */,
				D74705DC2915D30E00BF43F1 /* UITableView+Register.swift */,
				D74705E12915E6D300BF43F1 /* UIScrollView+SwiftPullToRefersh.swift */,
			);
			path = UIKit;
			sourceTree = "<group>";
		};
		D7C1A0BA2914EFA200626E81 /* Foundation */ = {
			isa = PBXGroup;
			children = (
				D7C1A0B72914EF7300626E81 /* StringExtension.swift */,
			);
			path = Foundation;
			sourceTree = "<group>";
		};
		D7C3EFA829161FD4000027C7 /* EmptyView */ = {
			isa = PBXGroup;
			children = (
				D7C3EFA929161FED000027C7 /* RecipeEmptyView.swift */,
				D7C3EFAA29161FED000027C7 /* RecipeEmptyView.xib */,
			);
			path = EmptyView;
			sourceTree = "<group>";
		};
/* End PBXGroup section */

/* Begin PBXNativeTarget section */
		D7B774CE2911FC930000DB67 /* RecipeSearchApp */ = {
			isa = PBXNativeTarget;
			buildConfigurationList = D7B774F92911FC990000DB67 /* Build configuration list for PBXNativeTarget "RecipeSearchApp" */;
			buildPhases = (
				512E13CE83C46A0AEB56A8D2 /* [CP] Check Pods Manifest.lock */,
				D7B774CB2911FC930000DB67 /* Sources */,
				D7B774CC2911FC930000DB67 /* Frameworks */,
				D7B774CD2911FC930000DB67 /* Resources */,
				33B17B2ABB12C5D890ACB35D /* [CP] Embed Pods Frameworks */,
			);
			buildRules = (
			);
			dependencies = (
			);
			name = RecipeSearchApp;
			productName = RecipeSearchApp;
			productReference = D7B774CF2911FC930000DB67 /* RecipeSearchApp.app */;
			productType = "com.apple.product-type.application";
		};
		D7B774E42911FC990000DB67 /* RecipeSearchAppTests */ = {
			isa = PBXNativeTarget;
			buildConfigurationList = D7B774FC2911FC990000DB67 /* Build configuration list for PBXNativeTarget "RecipeSearchAppTests" */;
			buildPhases = (
				D9527BC3921482BBA01A55F8 /* [CP] Check Pods Manifest.lock */,
				D7B774E12911FC990000DB67 /* Sources */,
				D7B774E22911FC990000DB67 /* Frameworks */,
				D7B774E32911FC990000DB67 /* Resources */,
			);
			buildRules = (
			);
			dependencies = (
				D7B774E72911FC990000DB67 /* PBXTargetDependency */,
			);
			name = RecipeSearchAppTests;
			productName = RecipeSearchAppTests;
			productReference = D7B774E52911FC990000DB67 /* RecipeSearchAppTests.xctest */;
			productType = "com.apple.product-type.bundle.unit-test";
		};
		D7B774EE2911FC990000DB67 /* RecipeSearchAppUITests */ = {
			isa = PBXNativeTarget;
			buildConfigurationList = D7B774FF2911FC990000DB67 /* Build configuration list for PBXNativeTarget "RecipeSearchAppUITests" */;
			buildPhases = (
				05FDD73C06CBDACBB9D69CA3 /* [CP] Check Pods Manifest.lock */,
				D7B774EB2911FC990000DB67 /* Sources */,
				D7B774EC2911FC990000DB67 /* Frameworks */,
				D7B774ED2911FC990000DB67 /* Resources */,
				613449A1D8661B791B29E60A /* [CP] Embed Pods Frameworks */,
			);
			buildRules = (
			);
			dependencies = (
				D7B774F12911FC990000DB67 /* PBXTargetDependency */,
			);
			name = RecipeSearchAppUITests;
			productName = RecipeSearchAppUITests;
			productReference = D7B774EF2911FC990000DB67 /* RecipeSearchAppUITests.xctest */;
			productType = "com.apple.product-type.bundle.ui-testing";
		};
/* End PBXNativeTarget section */

/* Begin PBXProject section */
		D7B774C72911FC930000DB67 /* Project object */ = {
			isa = PBXProject;
			attributes = {
				BuildIndependentTargetsInParallel = 1;
				LastSwiftUpdateCheck = 1330;
				LastUpgradeCheck = 1330;
				TargetAttributes = {
					D7B774CE2911FC930000DB67 = {
						CreatedOnToolsVersion = 13.3;
					};
					D7B774E42911FC990000DB67 = {
						CreatedOnToolsVersion = 13.3;
						TestTargetID = D7B774CE2911FC930000DB67;
					};
					D7B774EE2911FC990000DB67 = {
						CreatedOnToolsVersion = 13.3;
						TestTargetID = D7B774CE2911FC930000DB67;
					};
				};
			};
			buildConfigurationList = D7B774CA2911FC930000DB67 /* Build configuration list for PBXProject "RecipeSearchApp" */;
			compatibilityVersion = "Xcode 13.0";
			developmentRegion = en;
			hasScannedForEncodings = 0;
			knownRegions = (
				en,
				Base,
			);
			mainGroup = D7B774C62911FC930000DB67;
			productRefGroup = D7B774D02911FC930000DB67 /* Products */;
			projectDirPath = "";
			projectRoot = "";
			targets = (
				D7B774CE2911FC930000DB67 /* RecipeSearchApp */,
				D7B774E42911FC990000DB67 /* RecipeSearchAppTests */,
				D7B774EE2911FC990000DB67 /* RecipeSearchAppUITests */,
			);
		};
/* End PBXProject section */

/* Begin PBXResourcesBuildPhase section */
		D7B774CD2911FC930000DB67 /* Resources */ = {
			isa = PBXResourcesBuildPhase;
			buildActionMask = 2147483647;
			files = (
				D7B774DF2911FC980000DB67 /* LaunchScreen.storyboard in Resources */,
				D7C3EFAC29161FED000027C7 /* RecipeEmptyView.xib in Resources */,
				D7C1A0BE2914F12200626E81 /* HealthLabelCollectionViewCell.xib in Resources */,
				D7B774DC2911FC980000DB67 /* Assets.xcassets in Resources */,
				D7C1A0AB2914E1DE00626E81 /* RecipeSearchViewController.xib in Resources */,
				D7C1A0B42914E98000626E81 /* RecipeTableViewCell.xib in Resources */,
			);
			runOnlyForDeploymentPostprocessing = 0;
		};
		D7B774E32911FC990000DB67 /* Resources */ = {
			isa = PBXResourcesBuildPhase;
			buildActionMask = 2147483647;
			files = (
			);
			runOnlyForDeploymentPostprocessing = 0;
		};
		D7B774ED2911FC990000DB67 /* Resources */ = {
			isa = PBXResourcesBuildPhase;
			buildActionMask = 2147483647;
			files = (
			);
			runOnlyForDeploymentPostprocessing = 0;
		};
/* End PBXResourcesBuildPhase section */

/* Begin PBXShellScriptBuildPhase section */
		05FDD73C06CBDACBB9D69CA3 /* [CP] Check Pods Manifest.lock */ = {
			isa = PBXShellScriptBuildPhase;
			buildActionMask = 2147483647;
			files = (
			);
			inputFileListPaths = (
			);
			inputPaths = (
				"${PODS_PODFILE_DIR_PATH}/Podfile.lock",
				"${PODS_ROOT}/Manifest.lock",
			);
			name = "[CP] Check Pods Manifest.lock";
			outputFileListPaths = (
			);
			outputPaths = (
				"$(DERIVED_FILE_DIR)/Pods-RecipeSearchApp-RecipeSearchAppUITests-checkManifestLockResult.txt",
			);
			runOnlyForDeploymentPostprocessing = 0;
			shellPath = /bin/sh;
			shellScript = "diff \"${PODS_PODFILE_DIR_PATH}/Podfile.lock\" \"${PODS_ROOT}/Manifest.lock\" > /dev/null\nif [ $? != 0 ] ; then\n    # print error to STDERR\n    echo \"error: The sandbox is not in sync with the Podfile.lock. Run 'pod install' or update your CocoaPods installation.\" >&2\n    exit 1\nfi\n# This output is used by Xcode 'outputs' to avoid re-running this script phase.\necho \"SUCCESS\" > \"${SCRIPT_OUTPUT_FILE_0}\"\n";
			showEnvVarsInLog = 0;
		};
		33B17B2ABB12C5D890ACB35D /* [CP] Embed Pods Frameworks */ = {
			isa = PBXShellScriptBuildPhase;
			buildActionMask = 2147483647;
			files = (
			);
			inputFileListPaths = (
				"${PODS_ROOT}/Target Support Files/Pods-RecipeSearchApp/Pods-RecipeSearchApp-frameworks-${CONFIGURATION}-input-files.xcfilelist",
			);
			name = "[CP] Embed Pods Frameworks";
			outputFileListPaths = (
				"${PODS_ROOT}/Target Support Files/Pods-RecipeSearchApp/Pods-RecipeSearchApp-frameworks-${CONFIGURATION}-output-files.xcfilelist",
			);
			runOnlyForDeploymentPostprocessing = 0;
			shellPath = /bin/sh;
			shellScript = "\"${PODS_ROOT}/Target Support Files/Pods-RecipeSearchApp/Pods-RecipeSearchApp-frameworks.sh\"\n";
			showEnvVarsInLog = 0;
		};
		512E13CE83C46A0AEB56A8D2 /* [CP] Check Pods Manifest.lock */ = {
			isa = PBXShellScriptBuildPhase;
			buildActionMask = 2147483647;
			files = (
			);
			inputFileListPaths = (
			);
			inputPaths = (
				"${PODS_PODFILE_DIR_PATH}/Podfile.lock",
				"${PODS_ROOT}/Manifest.lock",
			);
			name = "[CP] Check Pods Manifest.lock";
			outputFileListPaths = (
			);
			outputPaths = (
				"$(DERIVED_FILE_DIR)/Pods-RecipeSearchApp-checkManifestLockResult.txt",
			);
			runOnlyForDeploymentPostprocessing = 0;
			shellPath = /bin/sh;
			shellScript = "diff \"${PODS_PODFILE_DIR_PATH}/Podfile.lock\" \"${PODS_ROOT}/Manifest.lock\" > /dev/null\nif [ $? != 0 ] ; then\n    # print error to STDERR\n    echo \"error: The sandbox is not in sync with the Podfile.lock. Run 'pod install' or update your CocoaPods installation.\" >&2\n    exit 1\nfi\n# This output is used by Xcode 'outputs' to avoid re-running this script phase.\necho \"SUCCESS\" > \"${SCRIPT_OUTPUT_FILE_0}\"\n";
			showEnvVarsInLog = 0;
		};
		613449A1D8661B791B29E60A /* [CP] Embed Pods Frameworks */ = {
			isa = PBXShellScriptBuildPhase;
			buildActionMask = 2147483647;
			files = (
			);
			inputFileListPaths = (
				"${PODS_ROOT}/Target Support Files/Pods-RecipeSearchApp-RecipeSearchAppUITests/Pods-RecipeSearchApp-RecipeSearchAppUITests-frameworks-${CONFIGURATION}-input-files.xcfilelist",
			);
			name = "[CP] Embed Pods Frameworks";
			outputFileListPaths = (
				"${PODS_ROOT}/Target Support Files/Pods-RecipeSearchApp-RecipeSearchAppUITests/Pods-RecipeSearchApp-RecipeSearchAppUITests-frameworks-${CONFIGURATION}-output-files.xcfilelist",
			);
			runOnlyForDeploymentPostprocessing = 0;
			shellPath = /bin/sh;
			shellScript = "\"${PODS_ROOT}/Target Support Files/Pods-RecipeSearchApp-RecipeSearchAppUITests/Pods-RecipeSearchApp-RecipeSearchAppUITests-frameworks.sh\"\n";
			showEnvVarsInLog = 0;
		};
		D9527BC3921482BBA01A55F8 /* [CP] Check Pods Manifest.lock */ = {
			isa = PBXShellScriptBuildPhase;
			buildActionMask = 2147483647;
			files = (
			);
			inputFileListPaths = (
			);
			inputPaths = (
				"${PODS_PODFILE_DIR_PATH}/Podfile.lock",
				"${PODS_ROOT}/Manifest.lock",
			);
			name = "[CP] Check Pods Manifest.lock";
			outputFileListPaths = (
			);
			outputPaths = (
				"$(DERIVED_FILE_DIR)/Pods-RecipeSearchAppTests-checkManifestLockResult.txt",
			);
			runOnlyForDeploymentPostprocessing = 0;
			shellPath = /bin/sh;
			shellScript = "diff \"${PODS_PODFILE_DIR_PATH}/Podfile.lock\" \"${PODS_ROOT}/Manifest.lock\" > /dev/null\nif [ $? != 0 ] ; then\n    # print error to STDERR\n    echo \"error: The sandbox is not in sync with the Podfile.lock. Run 'pod install' or update your CocoaPods installation.\" >&2\n    exit 1\nfi\n# This output is used by Xcode 'outputs' to avoid re-running this script phase.\necho \"SUCCESS\" > \"${SCRIPT_OUTPUT_FILE_0}\"\n";
			showEnvVarsInLog = 0;
		};
/* End PBXShellScriptBuildPhase section */

/* Begin PBXSourcesBuildPhase section */
		D7B774CB2911FC930000DB67 /* Sources */ = {
			isa = PBXSourcesBuildPhase;
			buildActionMask = 2147483647;
			files = (
				D7C1A0A52914CA3D00626E81 /* RecipeSearchPresenter.swift in Sources */,
				D7B7751C2912258D0000DB67 /* RecipeSearchAPI.swift in Sources */,
				D7C1A0922914AEA600626E81 /* NutrientDetails.swift in Sources */,
				D7C1A0B32914E98000626E81 /* RecipeTableViewCell.swift in Sources */,
				D7C1A0A32914C76700626E81 /* RecipeSearchViewController.swift in Sources */,
				D7C1A0B62914EEB000626E81 /* UIImageViewExtension.swift in Sources */,
				D7C1A08D2914AEA600626E81 /* Digest.swift in Sources */,
				D74705E02915E51E00BF43F1 /* BaseViewController.swift in Sources */,
				D7B7752929133E680000DB67 /* RecipeSearchProtocols.swift in Sources */,
				D74705D92915916E00BF43F1 /* LoadMore.swift in Sources */,
				D7C1A0B82914EF7300626E81 /* StringExtension.swift in Sources */,
				D7C1A0AD2914E72900626E81 /* UIViewExtension.swift in Sources */,
				D7C1A0A92914DA0400626E81 /* RecipeSearchRouter.swift in Sources */,
				D7C3EFAB29161FED000027C7 /* RecipeEmptyView.swift in Sources */,
				D74705DD2915D30E00BF43F1 /* UITableView+Register.swift in Sources */,
				D7B7751529120FE60000DB67 /* ProviderExtension.swift in Sources */,
				D7B7751A291213DD0000DB67 /* NetworkError.swift in Sources */,
				D7B7751E291226720000DB67 /* Configuration.swift in Sources */,
				D74705DB2915D2AF00BF43F1 /* UICollectionView+Register.swift in Sources */,
				D7C1A0B02914E80500626E81 /* UITableViewExtension.swift in Sources */,
				D7C1A08A2914AEA600626E81 /* Next.swift in Sources */,
				D7C1A0882914AEA600626E81 /* Hits.swift in Sources */,
				D7C1A06F2914AEA600626E81 /* RecipeSearchResponse.swift in Sources */,
				D7B774D32911FC930000DB67 /* AppDelegate.swift in Sources */,
				D7C1A08B2914AEA600626E81 /* Recipe.swift in Sources */,
				D7C1A0BD2914F12200626E81 /* HealthLabelCollectionViewCell.swift in Sources */,
				D7C1A07D2914AEA600626E81 /* Images.swift in Sources */,
				D7C1A0742914AEA600626E81 /* Links.swift in Sources */,
				D7C1A0812914AEA600626E81 /* Ingredients.swift in Sources */,
				D7C1A0C02914F1FE00626E81 /* UICcollectionViewExtension.swift in Sources */,
				D7B774D52911FC930000DB67 /* SceneDelegate.swift in Sources */,
				D74705E22915E6D300BF43F1 /* UIScrollView+SwiftPullToRefersh.swift in Sources */,
				D7B775182912138A0000DB67 /* NetworkResponse.swift in Sources */,
				D7C1A0752914AEA600626E81 /* TotalNutrients.swift in Sources */,
				D7C1A0A72914CAE200626E81 /* RecipeSearchInteractor.swift in Sources */,
				D7C1A0782914AEA600626E81 /* ImageDetails.swift in Sources */,
			);
			runOnlyForDeploymentPostprocessing = 0;
		};
		D7B774E12911FC990000DB67 /* Sources */ = {
			isa = PBXSourcesBuildPhase;
			buildActionMask = 2147483647;
			files = (
				D7B774EA2911FC990000DB67 /* RecipeSearchAppTests.swift in Sources */,
			);
			runOnlyForDeploymentPostprocessing = 0;
		};
		D7B774EB2911FC990000DB67 /* Sources */ = {
			isa = PBXSourcesBuildPhase;
			buildActionMask = 2147483647;
			files = (
				D7B774F62911FC990000DB67 /* RecipeSearchAppUITestsLaunchTests.swift in Sources */,
				D7B774F42911FC990000DB67 /* RecipeSearchAppUITests.swift in Sources */,
			);
			runOnlyForDeploymentPostprocessing = 0;
		};
/* End PBXSourcesBuildPhase section */

/* Begin PBXTargetDependency section */
		D7B774E72911FC990000DB67 /* PBXTargetDependency */ = {
			isa = PBXTargetDependency;
			target = D7B774CE2911FC930000DB67 /* RecipeSearchApp */;
			targetProxy = D7B774E62911FC990000DB67 /* PBXContainerItemProxy */;
		};
		D7B774F12911FC990000DB67 /* PBXTargetDependency */ = {
			isa = PBXTargetDependency;
			target = D7B774CE2911FC930000DB67 /* RecipeSearchApp */;
			targetProxy = D7B774F02911FC990000DB67 /* PBXContainerItemProxy */;
		};
/* End PBXTargetDependency section */

/* Begin PBXVariantGroup section */
		D7B774DD2911FC980000DB67 /* LaunchScreen.storyboard */ = {
			isa = PBXVariantGroup;
			children = (
				D7B774DE2911FC980000DB67 /* Base */,
			);
			name = LaunchScreen.storyboard;
			sourceTree = "<group>";
		};
/* End PBXVariantGroup section */

/* Begin XCBuildConfiguration section */
		D7B774F72911FC990000DB67 /* Debug */ = {
			isa = XCBuildConfiguration;
			buildSettings = {
				ALWAYS_SEARCH_USER_PATHS = NO;
				CLANG_ANALYZER_NONNULL = YES;
				CLANG_ANALYZER_NUMBER_OBJECT_CONVERSION = YES_AGGRESSIVE;
				CLANG_CXX_LANGUAGE_STANDARD = "gnu++17";
				CLANG_ENABLE_MODULES = YES;
				CLANG_ENABLE_OBJC_ARC = YES;
				CLANG_ENABLE_OBJC_WEAK = YES;
				CLANG_WARN_BLOCK_CAPTURE_AUTORELEASING = YES;
				CLANG_WARN_BOOL_CONVERSION = YES;
				CLANG_WARN_COMMA = YES;
				CLANG_WARN_CONSTANT_CONVERSION = YES;
				CLANG_WARN_DEPRECATED_OBJC_IMPLEMENTATIONS = YES;
				CLANG_WARN_DIRECT_OBJC_ISA_USAGE = YES_ERROR;
				CLANG_WARN_DOCUMENTATION_COMMENTS = YES;
				CLANG_WARN_EMPTY_BODY = YES;
				CLANG_WARN_ENUM_CONVERSION = YES;
				CLANG_WARN_INFINITE_RECURSION = YES;
				CLANG_WARN_INT_CONVERSION = YES;
				CLANG_WARN_NON_LITERAL_NULL_CONVERSION = YES;
				CLANG_WARN_OBJC_IMPLICIT_RETAIN_SELF = YES;
				CLANG_WARN_OBJC_LITERAL_CONVERSION = YES;
				CLANG_WARN_OBJC_ROOT_CLASS = YES_ERROR;
				CLANG_WARN_QUOTED_INCLUDE_IN_FRAMEWORK_HEADER = YES;
				CLANG_WARN_RANGE_LOOP_ANALYSIS = YES;
				CLANG_WARN_STRICT_PROTOTYPES = YES;
				CLANG_WARN_SUSPICIOUS_MOVE = YES;
				CLANG_WARN_UNGUARDED_AVAILABILITY = YES_AGGRESSIVE;
				CLANG_WARN_UNREACHABLE_CODE = YES;
				CLANG_WARN__DUPLICATE_METHOD_MATCH = YES;
				COPY_PHASE_STRIP = NO;
				DEBUG_INFORMATION_FORMAT = dwarf;
				ENABLE_STRICT_OBJC_MSGSEND = YES;
				ENABLE_TESTABILITY = YES;
				GCC_C_LANGUAGE_STANDARD = gnu11;
				GCC_DYNAMIC_NO_PIC = NO;
				GCC_NO_COMMON_BLOCKS = YES;
				GCC_OPTIMIZATION_LEVEL = 0;
				GCC_PREPROCESSOR_DEFINITIONS = (
					"DEBUG=1",
					"$(inherited)",
				);
				GCC_WARN_64_TO_32_BIT_CONVERSION = YES;
				GCC_WARN_ABOUT_RETURN_TYPE = YES_ERROR;
				GCC_WARN_UNDECLARED_SELECTOR = YES;
				GCC_WARN_UNINITIALIZED_AUTOS = YES_AGGRESSIVE;
				GCC_WARN_UNUSED_FUNCTION = YES;
				GCC_WARN_UNUSED_VARIABLE = YES;
				IPHONEOS_DEPLOYMENT_TARGET = 15.4;
				MTL_ENABLE_DEBUG_INFO = INCLUDE_SOURCE;
				MTL_FAST_MATH = YES;
				ONLY_ACTIVE_ARCH = YES;
				SDKROOT = iphoneos;
				SWIFT_ACTIVE_COMPILATION_CONDITIONS = DEBUG;
				SWIFT_OPTIMIZATION_LEVEL = "-Onone";
			};
			name = Debug;
		};
		D7B774F82911FC990000DB67 /* Release */ = {
			isa = XCBuildConfiguration;
			buildSettings = {
				ALWAYS_SEARCH_USER_PATHS = NO;
				CLANG_ANALYZER_NONNULL = YES;
				CLANG_ANALYZER_NUMBER_OBJECT_CONVERSION = YES_AGGRESSIVE;
				CLANG_CXX_LANGUAGE_STANDARD = "gnu++17";
				CLANG_ENABLE_MODULES = YES;
				CLANG_ENABLE_OBJC_ARC = YES;
				CLANG_ENABLE_OBJC_WEAK = YES;
				CLANG_WARN_BLOCK_CAPTURE_AUTORELEASING = YES;
				CLANG_WARN_BOOL_CONVERSION = YES;
				CLANG_WARN_COMMA = YES;
				CLANG_WARN_CONSTANT_CONVERSION = YES;
				CLANG_WARN_DEPRECATED_OBJC_IMPLEMENTATIONS = YES;
				CLANG_WARN_DIRECT_OBJC_ISA_USAGE = YES_ERROR;
				CLANG_WARN_DOCUMENTATION_COMMENTS = YES;
				CLANG_WARN_EMPTY_BODY = YES;
				CLANG_WARN_ENUM_CONVERSION = YES;
				CLANG_WARN_INFINITE_RECURSION = YES;
				CLANG_WARN_INT_CONVERSION = YES;
				CLANG_WARN_NON_LITERAL_NULL_CONVERSION = YES;
				CLANG_WARN_OBJC_IMPLICIT_RETAIN_SELF = YES;
				CLANG_WARN_OBJC_LITERAL_CONVERSION = YES;
				CLANG_WARN_OBJC_ROOT_CLASS = YES_ERROR;
				CLANG_WARN_QUOTED_INCLUDE_IN_FRAMEWORK_HEADER = YES;
				CLANG_WARN_RANGE_LOOP_ANALYSIS = YES;
				CLANG_WARN_STRICT_PROTOTYPES = YES;
				CLANG_WARN_SUSPICIOUS_MOVE = YES;
				CLANG_WARN_UNGUARDED_AVAILABILITY = YES_AGGRESSIVE;
				CLANG_WARN_UNREACHABLE_CODE = YES;
				CLANG_WARN__DUPLICATE_METHOD_MATCH = YES;
				COPY_PHASE_STRIP = NO;
				DEBUG_INFORMATION_FORMAT = "dwarf-with-dsym";
				ENABLE_NS_ASSERTIONS = NO;
				ENABLE_STRICT_OBJC_MSGSEND = YES;
				GCC_C_LANGUAGE_STANDARD = gnu11;
				GCC_NO_COMMON_BLOCKS = YES;
				GCC_WARN_64_TO_32_BIT_CONVERSION = YES;
				GCC_WARN_ABOUT_RETURN_TYPE = YES_ERROR;
				GCC_WARN_UNDECLARED_SELECTOR = YES;
				GCC_WARN_UNINITIALIZED_AUTOS = YES_AGGRESSIVE;
				GCC_WARN_UNUSED_FUNCTION = YES;
				GCC_WARN_UNUSED_VARIABLE = YES;
				IPHONEOS_DEPLOYMENT_TARGET = 15.4;
				MTL_ENABLE_DEBUG_INFO = NO;
				MTL_FAST_MATH = YES;
				SDKROOT = iphoneos;
				SWIFT_COMPILATION_MODE = wholemodule;
				SWIFT_OPTIMIZATION_LEVEL = "-O";
				VALIDATE_PRODUCT = YES;
			};
			name = Release;
		};
		D7B774FA2911FC990000DB67 /* Debug */ = {
			isa = XCBuildConfiguration;
			baseConfigurationReference = 7F1F1F1E802041AE3A0AD6FD /* Pods-RecipeSearchApp.debug.xcconfig */;
			buildSettings = {
				ASSETCATALOG_COMPILER_APPICON_NAME = AppIcon;
				ASSETCATALOG_COMPILER_GLOBAL_ACCENT_COLOR_NAME = AccentColor;
				CODE_SIGN_STYLE = Automatic;
				CURRENT_PROJECT_VERSION = 1;
				DEVELOPMENT_TEAM = XX5A8FHGCD;
				GENERATE_INFOPLIST_FILE = YES;
				INFOPLIST_FILE = RecipeSearchApp/Info.plist;
				INFOPLIST_KEY_NSMainNibFile = RecipeSearchVC;
				INFOPLIST_KEY_UIApplicationSupportsIndirectInputEvents = YES;
				INFOPLIST_KEY_UILaunchStoryboardName = LaunchScreen;
				INFOPLIST_KEY_UISupportedInterfaceOrientations_iPad = "UIInterfaceOrientationPortrait UIInterfaceOrientationPortraitUpsideDown UIInterfaceOrientationLandscapeLeft UIInterfaceOrientationLandscapeRight";
				INFOPLIST_KEY_UISupportedInterfaceOrientations_iPhone = "UIInterfaceOrientationPortrait UIInterfaceOrientationLandscapeLeft UIInterfaceOrientationLandscapeRight";
				LD_RUNPATH_SEARCH_PATHS = (
					"$(inherited)",
					"@executable_path/Frameworks",
				);
				MARKETING_VERSION = 1.0;
				PRODUCT_BUNDLE_IDENTIFIER = SoftExpert.RecipeSearchApp;
				PRODUCT_NAME = "$(TARGET_NAME)";
				SWIFT_EMIT_LOC_STRINGS = YES;
				SWIFT_VERSION = 5.0;
				TARGETED_DEVICE_FAMILY = "1,2";
			};
			name = Debug;
		};
		D7B774FB2911FC990000DB67 /* Release */ = {
			isa = XCBuildConfiguration;
			baseConfigurationReference = C02BE669A35E11C7642800D1 /* Pods-RecipeSearchApp.release.xcconfig */;
			buildSettings = {
				ASSETCATALOG_COMPILER_APPICON_NAME = AppIcon;
				ASSETCATALOG_COMPILER_GLOBAL_ACCENT_COLOR_NAME = AccentColor;
				CODE_SIGN_STYLE = Automatic;
				CURRENT_PROJECT_VERSION = 1;
				DEVELOPMENT_TEAM = XX5A8FHGCD;
				GENERATE_INFOPLIST_FILE = YES;
				INFOPLIST_FILE = RecipeSearchApp/Info.plist;
				INFOPLIST_KEY_NSMainNibFile = RecipeSearchVC;
				INFOPLIST_KEY_UIApplicationSupportsIndirectInputEvents = YES;
				INFOPLIST_KEY_UILaunchStoryboardName = LaunchScreen;
				INFOPLIST_KEY_UISupportedInterfaceOrientations_iPad = "UIInterfaceOrientationPortrait UIInterfaceOrientationPortraitUpsideDown UIInterfaceOrientationLandscapeLeft UIInterfaceOrientationLandscapeRight";
				INFOPLIST_KEY_UISupportedInterfaceOrientations_iPhone = "UIInterfaceOrientationPortrait UIInterfaceOrientationLandscapeLeft UIInterfaceOrientationLandscapeRight";
				LD_RUNPATH_SEARCH_PATHS = (
					"$(inherited)",
					"@executable_path/Frameworks",
				);
				MARKETING_VERSION = 1.0;
				PRODUCT_BUNDLE_IDENTIFIER = SoftExpert.RecipeSearchApp;
				PRODUCT_NAME = "$(TARGET_NAME)";
				SWIFT_EMIT_LOC_STRINGS = YES;
				SWIFT_VERSION = 5.0;
				TARGETED_DEVICE_FAMILY = "1,2";
			};
			name = Release;
		};
		D7B774FD2911FC990000DB67 /* Debug */ = {
			isa = XCBuildConfiguration;
			baseConfigurationReference = BC2E576F09AC5028BD865065 /* Pods-RecipeSearchAppTests.debug.xcconfig */;
			buildSettings = {
				ALWAYS_EMBED_SWIFT_STANDARD_LIBRARIES = YES;
				BUNDLE_LOADER = "$(TEST_HOST)";
				CODE_SIGN_STYLE = Automatic;
				CURRENT_PROJECT_VERSION = 1;
				DEVELOPMENT_TEAM = XX5A8FHGCD;
				GENERATE_INFOPLIST_FILE = YES;
				IPHONEOS_DEPLOYMENT_TARGET = 15.4;
				MARKETING_VERSION = 1.0;
				PRODUCT_BUNDLE_IDENTIFIER = SoftExpert.RecipeSearchAppTests;
				PRODUCT_NAME = "$(TARGET_NAME)";
				SWIFT_EMIT_LOC_STRINGS = NO;
				SWIFT_VERSION = 5.0;
				TARGETED_DEVICE_FAMILY = "1,2";
				TEST_HOST = "$(BUILT_PRODUCTS_DIR)/RecipeSearchApp.app/RecipeSearchApp";
			};
			name = Debug;
		};
		D7B774FE2911FC990000DB67 /* Release */ = {
			isa = XCBuildConfiguration;
			baseConfigurationReference = B0E9789C5DBF0B3F9091C12C /* Pods-RecipeSearchAppTests.release.xcconfig */;
			buildSettings = {
				ALWAYS_EMBED_SWIFT_STANDARD_LIBRARIES = YES;
				BUNDLE_LOADER = "$(TEST_HOST)";
				CODE_SIGN_STYLE = Automatic;
				CURRENT_PROJECT_VERSION = 1;
				DEVELOPMENT_TEAM = XX5A8FHGCD;
				GENERATE_INFOPLIST_FILE = YES;
				IPHONEOS_DEPLOYMENT_TARGET = 15.4;
				MARKETING_VERSION = 1.0;
				PRODUCT_BUNDLE_IDENTIFIER = SoftExpert.RecipeSearchAppTests;
				PRODUCT_NAME = "$(TARGET_NAME)";
				SWIFT_EMIT_LOC_STRINGS = NO;
				SWIFT_VERSION = 5.0;
				TARGETED_DEVICE_FAMILY = "1,2";
				TEST_HOST = "$(BUILT_PRODUCTS_DIR)/RecipeSearchApp.app/RecipeSearchApp";
			};
			name = Release;
		};
		D7B775002911FC990000DB67 /* Debug */ = {
			isa = XCBuildConfiguration;
			baseConfigurationReference = 53E35402659627431FC72BDE /* Pods-RecipeSearchApp-RecipeSearchAppUITests.debug.xcconfig */;
			buildSettings = {
				ALWAYS_EMBED_SWIFT_STANDARD_LIBRARIES = YES;
				CODE_SIGN_STYLE = Automatic;
				CURRENT_PROJECT_VERSION = 1;
				DEVELOPMENT_TEAM = XX5A8FHGCD;
				GENERATE_INFOPLIST_FILE = YES;
				MARKETING_VERSION = 1.0;
				PRODUCT_BUNDLE_IDENTIFIER = SoftExpert.RecipeSearchAppUITests;
				PRODUCT_NAME = "$(TARGET_NAME)";
				SWIFT_EMIT_LOC_STRINGS = NO;
				SWIFT_VERSION = 5.0;
				TARGETED_DEVICE_FAMILY = "1,2";
				TEST_TARGET_NAME = RecipeSearchApp;
			};
			name = Debug;
		};
		D7B775012911FC990000DB67 /* Release */ = {
			isa = XCBuildConfiguration;
			baseConfigurationReference = 3A370EFB2D3F9CC9F4E11FB8 /* Pods-RecipeSearchApp-RecipeSearchAppUITests.release.xcconfig */;
			buildSettings = {
				ALWAYS_EMBED_SWIFT_STANDARD_LIBRARIES = YES;
				CODE_SIGN_STYLE = Automatic;
				CURRENT_PROJECT_VERSION = 1;
				DEVELOPMENT_TEAM = XX5A8FHGCD;
				GENERATE_INFOPLIST_FILE = YES;
				MARKETING_VERSION = 1.0;
				PRODUCT_BUNDLE_IDENTIFIER = SoftExpert.RecipeSearchAppUITests;
				PRODUCT_NAME = "$(TARGET_NAME)";
				SWIFT_EMIT_LOC_STRINGS = NO;
				SWIFT_VERSION = 5.0;
				TARGETED_DEVICE_FAMILY = "1,2";
				TEST_TARGET_NAME = RecipeSearchApp;
			};
			name = Release;
		};
/* End XCBuildConfiguration section */

/* Begin XCConfigurationList section */
		D7B774CA2911FC930000DB67 /* Build configuration list for PBXProject "RecipeSearchApp" */ = {
			isa = XCConfigurationList;
			buildConfigurations = (
				D7B774F72911FC990000DB67 /* Debug */,
				D7B774F82911FC990000DB67 /* Release */,
			);
			defaultConfigurationIsVisible = 0;
			defaultConfigurationName = Release;
		};
		D7B774F92911FC990000DB67 /* Build configuration list for PBXNativeTarget "RecipeSearchApp" */ = {
			isa = XCConfigurationList;
			buildConfigurations = (
				D7B774FA2911FC990000DB67 /* Debug */,
				D7B774FB2911FC990000DB67 /* Release */,
			);
			defaultConfigurationIsVisible = 0;
			defaultConfigurationName = Release;
		};
		D7B774FC2911FC990000DB67 /* Build configuration list for PBXNativeTarget "RecipeSearchAppTests" */ = {
			isa = XCConfigurationList;
			buildConfigurations = (
				D7B774FD2911FC990000DB67 /* Debug */,
				D7B774FE2911FC990000DB67 /* Release */,
			);
			defaultConfigurationIsVisible = 0;
			defaultConfigurationName = Release;
		};
		D7B774FF2911FC990000DB67 /* Build configuration list for PBXNativeTarget "RecipeSearchAppUITests" */ = {
			isa = XCConfigurationList;
			buildConfigurations = (
				D7B775002911FC990000DB67 /* Debug */,
				D7B775012911FC990000DB67 /* Release */,
			);
			defaultConfigurationIsVisible = 0;
			defaultConfigurationName = Release;
		};
/* End XCConfigurationList section */
	};
	rootObject = D7B774C72911FC930000DB67 /* Project object */;
}
